
Microsoft Visual Studio Solution File, Format Version 12.00
Project("{FAE04EC0-301F-11D3-BF4B-00C04F79EFBC}") = "Leisure.Libraries", "Leisure.Libraries\Leisure.Libraries.csproj", "{2A7ED05F-4F92-4323-8C2A-6A8FA16CE72B}"
EndProject
Project("{FAE04EC0-301F-11D3-BF4B-00C04F79EFBC}") = "Leisure.EquationsWithOneVariable.Core", "Leisure.EquationsWithOneVariable.Core\Leisure.EquationsWithOneVariable.Core.csproj", "{DF50BBC3-F6CE-4FC2-BCA5-2EB0459B7E2C}"
EndProject
Project("{FAE04EC0-301F-11D3-BF4B-00C04F79EFBC}") = "Leisure.EquationsWithOneVariable.Presentation", "Leisure.EquationsWithOneVariable.Presentation\Leisure.EquationsWithOneVariable.Presentation.csproj", "{9C782413-948C-4739-AB9E-BF7B6F5151FB}"
EndProject
Project("{FAE04EC0-301F-11D3-BF4B-00C04F79EFBC}") = "Leisure.EquationsWithOneVariable.Core.Tests", "Leisure.EquationsWithOneVariable.Core.Tests\Leisure.EquationsWithOneVariable.Core.Tests.csproj", "{FAB4BB49-27C6-488A-8498-1AA93CF4DC38}"
EndProject
Global
	GlobalSection(SolutionConfigurationPlatforms) = preSolution
		Debug|Any CPU = Debug|Any CPU
		Release|Any CPU = Release|Any CPU
	EndGlobalSection
	GlobalSection(ProjectConfigurationPlatforms) = postSolution
		{2A7ED05F-4F92-4323-8C2A-6A8FA16CE72B}.Debug|Any CPU.ActiveCfg = Debug|Any CPU
		{2A7ED05F-4F92-4323-8C2A-6A8FA16CE72B}.Debug|Any CPU.Build.0 = Debug|Any CPU
		{2A7ED05F-4F92-4323-8C2A-6A8FA16CE72B}.Release|Any CPU.ActiveCfg = Release|Any CPU
		{2A7ED05F-4F92-4323-8C2A-6A8FA16CE72B}.Release|Any CPU.Build.0 = Release|Any CPU
		{DF50BBC3-F6CE-4FC2-BCA5-2EB0459B7E2C}.Debug|Any CPU.ActiveCfg = Debug|Any CPU
		{DF50BBC3-F6CE-4FC2-BCA5-2EB0459B7E2C}.Debug|Any CPU.Build.0 = Debug|Any CPU
		{DF50BBC3-F6CE-4FC2-BCA5-2EB0459B7E2C}.Release|Any CPU.ActiveCfg = Release|Any CPU
		{DF50BBC3-F6CE-4FC2-BCA5-2EB0459B7E2C}.Release|Any CPU.Build.0 = Release|Any CPU
		{9C782413-948C-4739-AB9E-BF7B6F5151FB}.Debug|Any CPU.ActiveCfg = Debug|Any CPU
		{9C782413-948C-4739-AB9E-BF7B6F5151FB}.Debug|Any CPU.Build.0 = Debug|Any CPU
		{9C782413-948C-4739-AB9E-BF7B6F5151FB}.Release|Any CPU.ActiveCfg = Release|Any CPU
		{9C782413-948C-4739-AB9E-BF7B6F5151FB}.Release|Any CPU.Build.0 = Release|Any CPU
		{FAB4BB49-27C6-488A-8498-1AA93CF4DC38}.Debug|Any CPU.ActiveCfg = Debug|Any CPU
		{FAB4BB49-27C6-488A-8498-1AA93CF4DC38}.Debug|Any CPU.Build.0 = Debug|Any CPU
		{FAB4BB49-27C6-488A-8498-1AA93CF4DC38}.Release|Any CPU.ActiveCfg = Release|Any CPU
		{FAB4BB49-27C6-488A-8498-1AA93CF4DC38}.Release|Any CPU.Build.0 = Release|Any CPU
	EndGlobalSection
EndGlobal
